version = 1
revision = 2
requires-python = "==3.8.*"

[[package]]
name = "asgiref"
version = "3.8.1"
source = { registry = "https://pypi.org/simple" }
dependencies = [
    { name = "typing-extensions" },
]
sdist = { url = "https://files.pythonhosted.org/packages/29/38/b3395cc9ad1b56d2ddac9970bc8f4141312dbaec28bc7c218b0dfafd0f42/asgiref-3.8.1.tar.gz", hash = "sha256:c343bd80a0bec947a9860adb4c432ffa7db769836c64238fc34bdc3fec84d590", size = 35186, upload-time = "2024-03-22T14:39:36.863Z" }
wheels = [
    { url = "https://files.pythonhosted.org/packages/39/e3/893e8757be2612e6c266d9bb58ad2e3651524b5b40cf56761e985a28b13e/asgiref-3.8.1-py3-none-any.whl", hash = "sha256:3e1e3ecc849832fe52ccf2cb6686b7a55f82bb1d6aee72a58826471390335e47", size = 23828, upload-time = "2024-03-22T14:39:34.521Z" },
]

[[package]]
name = "backports-zoneinfo"
version = "0.2.1"
source = { registry = "https://pypi.org/simple" }
sdist = { url = "https://files.pythonhosted.org/packages/ad/85/475e514c3140937cf435954f78dedea1861aeab7662d11de232bdaa90655/backports.zoneinfo-0.2.1.tar.gz", hash = "sha256:fadbfe37f74051d024037f223b8e001611eac868b5c5b06144ef4d8b799862f2", size = 74098, upload-time = "2020-06-23T13:51:22.041Z" }
wheels = [
    { url = "https://files.pythonhosted.org/packages/4a/6d/eca004eeadcbf8bd64cc96feb9e355536147f0577420b44d80c7cac70767/backports.zoneinfo-0.2.1-cp38-cp38-macosx_10_14_x86_64.whl", hash = "sha256:8961c0f32cd0336fb8e8ead11a1f8cd99ec07145ec2931122faaac1c8f7fd987", size = 35816, upload-time = "2020-06-23T13:51:21.244Z" },
    { url = "https://files.pythonhosted.org/packages/c1/8f/9b1b920a6a95652463143943fa3b8c000cb0b932ab463764a6f2a2416560/backports.zoneinfo-0.2.1-cp38-cp38-manylinux1_i686.whl", hash = "sha256:e81b76cace8eda1fca50e345242ba977f9be6ae3945af8d46326d776b4cf78d1", size = 72147, upload-time = "2020-06-23T13:51:17.562Z" },
    { url = "https://files.pythonhosted.org/packages/1a/ab/3e941e3fcf1b7d3ab3d0233194d99d6a0ed6b24f8f956fc81e47edc8c079/backports.zoneinfo-0.2.1-cp38-cp38-manylinux1_x86_64.whl", hash = "sha256:7b0a64cda4145548fed9efc10322770f929b944ce5cee6c0dfe0c87bf4c0c8c9", size = 74033, upload-time = "2020-06-23T13:51:14.592Z" },
    { url = "https://files.pythonhosted.org/packages/c0/34/5fdb0a3a28841d215c255be8fc60b8666257bb6632193c86fd04b63d4a31/backports.zoneinfo-0.2.1-cp38-cp38-win32.whl", hash = "sha256:1b13e654a55cd45672cb54ed12148cd33628f672548f373963b0bff67b217328", size = 36803, upload-time = "2020-06-23T13:51:07.517Z" },
    { url = "https://files.pythonhosted.org/packages/78/cc/e27fd6493bbce8dbea7e6c1bc861fe3d3bc22c4f7c81f4c3befb8ff5bfaf/backports.zoneinfo-0.2.1-cp38-cp38-win_amd64.whl", hash = "sha256:4a0f800587060bf8880f954dbef70de6c11bbe59c673c3d818921f042f9954a6", size = 38967, upload-time = "2020-06-23T13:51:13.735Z" },
]

[[package]]
name = "devops-sample-django-app"
version = "0.1.0"
source = { virtual = "." }
dependencies = [
    { name = "django" },
    { name = "django-prometheus" },
    { name = "pillow" },
    { name = "psycopg2-binary" },
]

[package.metadata]
requires-dist = [
    { name = "django", specifier = "==4.0.1" },
    { name = "django-prometheus", specifier = "==2.2.0" },
    { name = "pillow", specifier = "==9.0.0" },
    { name = "psycopg2-binary", specifier = "==2.9.3" },
]

[[package]]
name = "django"
version = "4.0.1"
source = { registry = "https://pypi.org/simple" }
dependencies = [
    { name = "asgiref" },
    { name = "backports-zoneinfo" },
    { name = "sqlparse" },
    { name = "tzdata", marker = "sys_platform == 'win32'" },
]
sdist = { url = "https://files.pythonhosted.org/packages/ff/a5/87fcd0ac916824c2e7ede565ea522bf9cc2428b06b8e7070f92fb6a4ad77/Django-4.0.1.tar.gz", hash = "sha256:2485eea3cc4c3bae13080dee866ebf90ba9f98d1afe8fda89bfb0eb2e218ef86", size = 9995484, upload-time = "2022-01-04T09:53:39.88Z" }
wheels = [
    { url = "https://files.pythonhosted.org/packages/67/ec/20e5e4a29a7aef4ba7d2b3c24aac875e3bdf6c7d4de7d73db12282f15e22/Django-4.0.1-py3-none-any.whl", hash = "sha256:7cd8e8a3ed2bc0dfda05ce1e53a9c81b30eefd7aa350e538a18884475e4d4ce2", size = 8015001, upload-time = "2022-01-04T09:53:25.637Z" },
]

[[package]]
name = "django-prometheus"
version = "2.2.0"
source = { registry = "https://pypi.org/simple" }
dependencies = [
    { name = "prometheus-client" },
]
sdist = { url = "https://files.pythonhosted.org/packages/63/12/5325fe5524938eae3beab9e49b48c50676bd20aace4f68daf978215d62d8/django-prometheus-2.2.0.tar.gz", hash = "sha256:240378a1307c408bd5fc85614a3a57f1ce633d4a222c9e291e2bbf325173b801", size = 24995, upload-time = "2021-12-19T18:18:41.393Z" }
wheels = [
    { url = "https://files.pythonhosted.org/packages/f3/26/dbf0111fb13540f35a93a201e1ec759cb7aeaa124665da9673ff51c86b7d/django_prometheus-2.2.0-py2.py3-none-any.whl", hash = "sha256:e6616770d8820b8834762764bf1b76ec08e1b98e72a6f359d488a2e15fe3537c", size = 29020, upload-time = "2021-12-19T18:18:39.515Z" },
]

[[package]]
name = "pillow"
version = "9.0.0"
source = { registry = "https://pypi.org/simple" }
sdist = { url = "https://files.pythonhosted.org/packages/b0/43/3e286c93b9fa20e233d53532cc419b5aad8a468d91065dbef4c846058834/Pillow-9.0.0.tar.gz", hash = "sha256:ee6e2963e92762923956fe5d3479b1fdc3b76c83f290aad131a2f98c3df0593e", size = 49513779, upload-time = "2022-01-02T22:17:08.811Z" }
wheels = [
    { url = "https://files.pythonhosted.org/packages/e1/91/b50b616b77fd6a3ab46e6a4724e07c898a5172cb8f4faf5b3b6f3c7aa17a/Pillow-9.0.0-cp38-cp38-macosx_10_10_x86_64.whl", hash = "sha256:490e52e99224858f154975db61c060686df8a6b3f0212a678e5d2e2ce24675c9", size = 3030685, upload-time = "2022-01-02T22:15:00.978Z" },
    { url = "https://files.pythonhosted.org/packages/a8/5b/8d7d753beb36d1cb629a00129e80bf97c8612728dc7d161822e504f7cbc9/Pillow-9.0.0-cp38-cp38-macosx_11_0_arm64.whl", hash = "sha256:500d397ddf4bbf2ca42e198399ac13e7841956c72645513e8ddf243b31ad2128", size = 2708442, upload-time = "2022-01-02T22:15:05.544Z" },
    { url = "https://files.pythonhosted.org/packages/17/42/e41a9223ea8a2f2edb01c8af2ff53a854e36cd51718ecc305d013343ea29/Pillow-9.0.0-cp38-cp38-manylinux_2_17_aarch64.manylinux2014_aarch64.whl", hash = "sha256:0ebd8b9137630a7bbbff8c4b31e774ff05bbb90f7911d93ea2c9371e41039b52", size = 4216286, upload-time = "2022-01-02T22:15:11.463Z" },
    { url = "https://files.pythonhosted.org/packages/15/fd/b1351f76e923438098a7672d18420d8ae2dbfd95dbf2b75047c3e6015044/Pillow-9.0.0-cp38-cp38-manylinux_2_17_i686.manylinux2014_i686.whl", hash = "sha256:fd0e5062f11cb3e730450a7d9f323f4051b532781026395c4323b8ad055523c4", size = 4320014, upload-time = "2022-01-02T22:15:17.626Z" },
    { url = "https://files.pythonhosted.org/packages/56/1b/7bc21c743566e7823187742020e077acf1dfd32573020e3167e5d8894fe7/Pillow-9.0.0-cp38-cp38-manylinux_2_17_x86_64.manylinux2014_x86_64.whl", hash = "sha256:9f3b4522148586d35e78313db4db0df4b759ddd7649ef70002b6c3767d0fdeb7", size = 4310908, upload-time = "2022-01-02T22:15:23.669Z" },
    { url = "https://files.pythonhosted.org/packages/25/44/62c2c43ea2deb9585e2f6b367d28a49a9f0de9218fbb7bcd33655951ebb0/Pillow-9.0.0-cp38-cp38-win32.whl", hash = "sha256:0b281fcadbb688607ea6ece7649c5d59d4bbd574e90db6cd030e9e85bde9fecc", size = 2786134, upload-time = "2022-01-02T22:15:28.593Z" },
    { url = "https://files.pythonhosted.org/packages/e3/fe/e9cbf297e81f7d937c168480321679acf32991046b7fdf7e2e76d88b8ed4/Pillow-9.0.0-cp38-cp38-win_amd64.whl", hash = "sha256:b5050d681bcf5c9f2570b93bee5d3ec8ae4cf23158812f91ed57f7126df91762", size = 3214277, upload-time = "2022-01-02T22:15:33.46Z" },
    { url = "https://files.pythonhosted.org/packages/22/e0/3bd5ff51d7ba2845a787601bcf1e89657dfa6bc2e19213ff5dce1f4bc0b3/Pillow-9.0.0-pp38-pypy38_pp73-win_amd64.whl", hash = "sha256:95545137fc56ce8c10de646074d242001a112a92de169986abd8c88c27566a05", size = 3214313, upload-time = "2022-01-02T22:16:27.207Z" },
]

[[package]]
name = "prometheus-client"
version = "0.21.1"
source = { registry = "https://pypi.org/simple" }
sdist = { url = "https://files.pythonhosted.org/packages/62/14/7d0f567991f3a9af8d1cd4f619040c93b68f09a02b6d0b6ab1b2d1ded5fe/prometheus_client-0.21.1.tar.gz", hash = "sha256:252505a722ac04b0456be05c05f75f45d760c2911ffc45f2a06bcaed9f3ae3fb", size = 78551, upload-time = "2024-12-03T14:59:12.164Z" }
wheels = [
    { url = "https://files.pythonhosted.org/packages/ff/c2/ab7d37426c179ceb9aeb109a85cda8948bb269b7561a0be870cc656eefe4/prometheus_client-0.21.1-py3-none-any.whl", hash = "sha256:594b45c410d6f4f8888940fe80b5cc2521b305a1fafe1c58609ef715a001f301", size = 54682, upload-time = "2024-12-03T14:59:10.935Z" },
]

[[package]]
name = "psycopg2-binary"
version = "2.9.3"
source = { registry = "https://pypi.org/simple" }
sdist = { url = "https://files.pythonhosted.org/packages/d7/1c/8d042630c5ff3c3e6d93c992bd7ecf516d577803b96781c6caa649bbf6e5/psycopg2-binary-2.9.3.tar.gz", hash = "sha256:761df5313dc15da1502b21453642d7599d26be88bff659382f8f9747c7ebea4e", size = 380632, upload-time = "2021-12-29T15:32:09.504Z" }
wheels = [
    { url = "https://files.pythonhosted.org/packages/f7/96/4a14ba6336e21616483ef77c6d1dab5176016eb7242d9123b2151668f317/psycopg2_binary-2.9.3-cp38-cp38-macosx_10_14_x86_64.macosx_10_9_intel.macosx_10_9_x86_64.macosx_10_10_intel.macosx_10_10_x86_64.whl", hash = "sha256:def68d7c21984b0f8218e8a15d514f714d96904265164f75f8d3a70f9c295667", size = 2192323, upload-time = "2021-12-29T15:30:27.475Z" },
    { url = "https://files.pythonhosted.org/packages/7e/43/9717f763b51572d61629507c54f561c2de4eade09f555840553c5796a669/psycopg2_binary-2.9.3-cp38-cp38-macosx_11_0_arm64.whl", hash = "sha256:e6aa71ae45f952a2205377773e76f4e3f27951df38e69a4c95440c779e013560", size = 2012099, upload-time = "2022-09-25T02:02:17.815Z" },
    { url = "https://files.pythonhosted.org/packages/ab/5a/f075f1b9417bd7fb9eef7e00b234352acd39735959afda2d8d3af07108a6/psycopg2_binary-2.9.3-cp38-cp38-manylinux_2_17_i686.manylinux2014_i686.whl", hash = "sha256:dffc08ca91c9ac09008870c9eb77b00a46b3378719584059c034b8945e26b272", size = 3045453, upload-time = "2021-12-29T15:30:34.68Z" },
    { url = "https://files.pythonhosted.org/packages/27/83/5bf62ca29fa23591582188f1b1aa00c4219b4f53cd39e288b8a2e4f5ee92/psycopg2_binary-2.9.3-cp38-cp38-manylinux_2_17_x86_64.manylinux2014_x86_64.whl", hash = "sha256:280b0bb5cbfe8039205c7981cceb006156a675362a00fe29b16fbc264e242834", size = 2987990, upload-time = "2021-12-29T15:30:41.546Z" },
    { url = "https://files.pythonhosted.org/packages/14/f4/e096e993639e84ebd3361d83b3021e658033f67c7ca6cbe7d4823af8ce6d/psycopg2_binary-2.9.3-cp38-cp38-manylinux_2_24_aarch64.whl", hash = "sha256:af9813db73395fb1fc211bac696faea4ca9ef53f32dc0cfa27e4e7cf766dcf24", size = 3369082, upload-time = "2021-12-29T15:30:47.526Z" },
    { url = "https://files.pythonhosted.org/packages/35/71/498391990abd652deabae3861bef1cf2eb6b3b102d6bfab7d60d588981e1/psycopg2_binary-2.9.3-cp38-cp38-manylinux_2_24_ppc64le.whl", hash = "sha256:63638d875be8c2784cfc952c9ac34e2b50e43f9f0a0660b65e2a87d656b3116c", size = 3525542, upload-time = "2021-12-29T15:30:51.78Z" },
    { url = "https://files.pythonhosted.org/packages/7a/ea/a23cc91e1337474e4708180cd5b73a99fa75b402503172d3aef26d8b88bc/psycopg2_binary-2.9.3-cp38-cp38-musllinux_1_1_aarch64.whl", hash = "sha256:ffb7a888a047696e7f8240d649b43fb3644f14f0ee229077e7f6b9f9081635bd", size = 1782900, upload-time = "2021-12-29T15:30:55.542Z" },
    { url = "https://files.pythonhosted.org/packages/3e/d6/0d6ecd5cdea63b4f8f66fb1f857736de57f1bc10ba23b9a215a161ec0024/psycopg2_binary-2.9.3-cp38-cp38-musllinux_1_1_i686.whl", hash = "sha256:0c9d5450c566c80c396b7402895c4369a410cab5a82707b11aee1e624da7d004", size = 1926122, upload-time = "2021-12-29T15:30:59.84Z" },
    { url = "https://files.pythonhosted.org/packages/a8/b5/ef802483e16a8e0091b7b06ed255b66752df78189ac8cc99f6f4a5414179/psycopg2_binary-2.9.3-cp38-cp38-musllinux_1_1_ppc64le.whl", hash = "sha256:d1c1b569ecafe3a69380a94e6ae09a4789bbb23666f3d3a08d06bbd2451f5ef1", size = 1886226, upload-time = "2021-12-29T15:31:04.481Z" },
    { url = "https://files.pythonhosted.org/packages/45/78/4621eb7085162bc4d2252ad92af1cc5ccacbd417a50e2ee74426331aad18/psycopg2_binary-2.9.3-cp38-cp38-musllinux_1_1_x86_64.whl", hash = "sha256:8fc53f9af09426a61db9ba357865c77f26076d48669f2e1bb24d85a22fb52307", size = 1891281, upload-time = "2021-12-29T15:31:08.508Z" },
    { url = "https://files.pythonhosted.org/packages/e1/2f/a532ba3f391bf77eadc30525380352b4bd456291a2df293769e78c2690b5/psycopg2_binary-2.9.3-cp38-cp38-win32.whl", hash = "sha256:6472a178e291b59e7f16ab49ec8b4f3bdada0a879c68d3817ff0963e722a82ce", size = 995629, upload-time = "2021-12-29T15:31:11.557Z" },
    { url = "https://files.pythonhosted.org/packages/a0/ff/f44871b1e1773f950cecb7a91f09870f4fc95a774002ad5acca534e0ee15/psycopg2_binary-2.9.3-cp38-cp38-win_amd64.whl", hash = "sha256:35168209c9d51b145e459e05c31a9eaeffa9a6b0fd61689b48e07464ffd1a83e", size = 1146560, upload-time = "2021-12-29T15:31:15.852Z" },
]

[[package]]
name = "sqlparse"
version = "0.5.3"
source = { registry = "https://pypi.org/simple" }
sdist = { url = "https://files.pythonhosted.org/packages/e5/40/edede8dd6977b0d3da179a342c198ed100dd2aba4be081861ee5911e4da4/sqlparse-0.5.3.tar.gz", hash = "sha256:09f67787f56a0b16ecdbde1bfc7f5d9c3371ca683cfeaa8e6ff60b4807ec9272", size = 84999, upload-time = "2024-12-10T12:05:30.728Z" }
wheels = [
    { url = "https://files.pythonhosted.org/packages/a9/5c/bfd6bd0bf979426d405cc6e71eceb8701b148b16c21d2dc3c261efc61c7b/sqlparse-0.5.3-py3-none-any.whl", hash = "sha256:cf2196ed3418f3ba5de6af7e82c694a9fbdbfecccdfc72e281548517081f16ca", size = 44415, upload-time = "2024-12-10T12:05:27.824Z" },
]

[[package]]
name = "typing-extensions"
version = "4.13.2"
source = { registry = "https://pypi.org/simple" }
sdist = { url = "https://files.pythonhosted.org/packages/f6/37/23083fcd6e35492953e8d2aaaa68b860eb422b34627b13f2ce3eb6106061/typing_extensions-4.13.2.tar.gz", hash = "sha256:e6c81219bd689f51865d9e372991c540bda33a0379d5573cddb9a3a23f7caaef", size = 106967, upload-time = "2025-04-10T14:19:05.416Z" }
wheels = [
    { url = "https://files.pythonhosted.org/packages/8b/54/b1ae86c0973cc6f0210b53d508ca3641fb6d0c56823f288d108bc7ab3cc8/typing_extensions-4.13.2-py3-none-any.whl", hash = "sha256:a439e7c04b49fec3e5d3e2beaa21755cadbbdc391694e28ccdd36ca4a1408f8c", size = 45806, upload-time = "2025-04-10T14:19:03.967Z" },
]

[[package]]
name = "tzdata"
version = "2025.2"
source = { registry = "https://pypi.org/simple" }
sdist = { url = "https://files.pythonhosted.org/packages/95/32/1a225d6164441be760d75c2c42e2780dc0873fe382da3e98a2e1e48361e5/tzdata-2025.2.tar.gz", hash = "sha256:b60a638fcc0daffadf82fe0f57e53d06bdec2f36c4df66280ae79bce6bd6f2b9", size = 196380, upload-time = "2025-03-23T13:54:43.652Z" }
wheels = [
    { url = "https://files.pythonhosted.org/packages/5c/23/c7abc0ca0a1526a0774eca151daeb8de62ec457e77262b66b359c3c7679e/tzdata-2025.2-py2.py3-none-any.whl", hash = "sha256:1a403fada01ff9221ca8044d701868fa132215d84beb92242d9acd2147f667a8", size = 347839, upload-time = "2025-03-23T13:54:41.845Z" },
]
